
Microsoft Visual Studio Solution File, Format Version 12.00
# Visual Studio Version 16
VisualStudioVersion = 16.0.29519.181
MinimumVisualStudioVersion = 10.0.40219.1
Project("{2150E333-8FDC-42A3-9474-1A3956D46DE8}") = "src", "src", "{21035206-B373-4994-901B-2C9E882B5852}"
EndProject
Project("{9A19103F-16F7-4668-BE54-9A1E7A4F7556}") = "IdentityManager2", "src\IdentityManager2\IdentityManager2.csproj", "{E4718661-6384-4378-82C3-56D66F6E060F}"
EndProject
Project("{9A19103F-16F7-4668-BE54-9A1E7A4F7556}") = "Hosts.LosthostAuthentication", "src\Hosts\Hosts.LosthostAuthentication\Hosts.LosthostAuthentication.csproj", "{D024CAF4-4371-45C5-9728-D06B462CD4B3}"
EndProject
Project("{9A19103F-16F7-4668-BE54-9A1E7A4F7556}") = "Hosts.CookieAuthentication", "src\Hosts\Hosts.CookieAuthentication\Hosts.CookieAuthentication.csproj", "{20FEF10D-D003-48A7-A931-4DEB80796E08}"
EndProject
Project("{9A19103F-16F7-4668-BE54-9A1E7A4F7556}") = "Hosts.Shared", "src\Hosts\Hosts.Shared\Hosts.Shared.csproj", "{BE7A2243-B7D0-4D32-92F6-0DD4C8DA8208}"
EndProject
Project("{2150E333-8FDC-42A3-9474-1A3956D46DE8}") = "Hosts", "Hosts", "{59FA21EB-3472-4E3D-BDF0-AD32DCFA6035}"
EndProject
Project("{FAE04EC0-301F-11D3-BF4B-00C04F79EFBC}") = "Hosts.IdentityServerAuthentication", "src\Hosts\Host.IdentityServerAuthentication\Hosts.IdentityServerAuthentication.csproj", "{BAACD397-A69F-4F9B-A178-39D734CA78CC}"
EndProject
Global
	GlobalSection(SolutionConfigurationPlatforms) = preSolution
		Debug|Any CPU = Debug|Any CPU
		Release|Any CPU = Release|Any CPU
	EndGlobalSection
	GlobalSection(ProjectConfigurationPlatforms) = postSolution
		{E4718661-6384-4378-82C3-56D66F6E060F}.Debug|Any CPU.ActiveCfg = Debug|Any CPU
		{E4718661-6384-4378-82C3-56D66F6E060F}.Debug|Any CPU.Build.0 = Debug|Any CPU
		{E4718661-6384-4378-82C3-56D66F6E060F}.Release|Any CPU.ActiveCfg = Release|Any CPU
		{E4718661-6384-4378-82C3-56D66F6E060F}.Release|Any CPU.Build.0 = Release|Any CPU
		{D024CAF4-4371-45C5-9728-D06B462CD4B3}.Debug|Any CPU.ActiveCfg = Debug|Any CPU
		{D024CAF4-4371-45C5-9728-D06B462CD4B3}.Debug|Any CPU.Build.0 = Debug|Any CPU
		{D024CAF4-4371-45C5-9728-D06B462CD4B3}.Release|Any CPU.ActiveCfg = Release|Any CPU
		{D024CAF4-4371-45C5-9728-D06B462CD4B3}.Release|Any CPU.Build.0 = Release|Any CPU
		{20FEF10D-D003-48A7-A931-4DEB80796E08}.Debug|Any CPU.ActiveCfg = Debug|Any CPU
		{20FEF10D-D003-48A7-A931-4DEB80796E08}.Debug|Any CPU.Build.0 = Debug|Any CPU
		{20FEF10D-D003-48A7-A931-4DEB80796E08}.Release|Any CPU.ActiveCfg = Release|Any CPU
		{20FEF10D-D003-48A7-A931-4DEB80796E08}.Release|Any CPU.Build.0 = Release|Any CPU
		{BE7A2243-B7D0-4D32-92F6-0DD4C8DA8208}.Debug|Any CPU.ActiveCfg = Debug|Any CPU
		{BE7A2243-B7D0-4D32-92F6-0DD4C8DA8208}.Debug|Any CPU.Build.0 = Debug|Any CPU
		{BE7A2243-B7D0-4D32-92F6-0DD4C8DA8208}.Release|Any CPU.ActiveCfg = Release|Any CPU
		{BE7A2243-B7D0-4D32-92F6-0DD4C8DA8208}.Release|Any CPU.Build.0 = Release|Any CPU
		{BAACD397-A69F-4F9B-A178-39D734CA78CC}.Debug|Any CPU.ActiveCfg = Debug|Any CPU
		{BAACD397-A69F-4F9B-A178-39D734CA78CC}.Debug|Any CPU.Build.0 = Debug|Any CPU
		{BAACD397-A69F-4F9B-A178-39D734CA78CC}.Release|Any CPU.ActiveCfg = Release|Any CPU
		{BAACD397-A69F-4F9B-A178-39D734CA78CC}.Release|Any CPU.Build.0 = Release|Any CPU
	EndGlobalSection
	GlobalSection(SolutionProperties) = preSolution
		HideSolutionNode = FALSE
	EndGlobalSection
	GlobalSection(NestedProjects) = preSolution
		{E4718661-6384-4378-82C3-56D66F6E060F} = {21035206-B373-4994-901B-2C9E882B5852}
		{D024CAF4-4371-45C5-9728-D06B462CD4B3} = {59FA21EB-3472-4E3D-BDF0-AD32DCFA6035}
		{20FEF10D-D003-48A7-A931-4DEB80796E08} = {59FA21EB-3472-4E3D-BDF0-AD32DCFA6035}
		{BE7A2243-B7D0-4D32-92F6-0DD4C8DA8208} = {59FA21EB-3472-4E3D-BDF0-AD32DCFA6035}
		{59FA21EB-3472-4E3D-BDF0-AD32DCFA6035} = {21035206-B373-4994-901B-2C9E882B5852}
		{BAACD397-A69F-4F9B-A178-39D734CA78CC} = {59FA21EB-3472-4E3D-BDF0-AD32DCFA6035}
	EndGlobalSection
	GlobalSection(ExtensibilityGlobals) = postSolution
		SolutionGuid = {22A3DD5E-832A-4FFC-B0B9-1A3D07313154}
	EndGlobalSection
EndGlobal
